Microsoft Visual Studio Solution File, Format Version 11.00
# Visual Studio 2008

Project("{32E533C8-32E6-C341-AE87-BD24335095A9}") = "boxheadProject", "Assembly-CSharp-firstpass-vs.csproj", "{747FC7FF-E5DC-31E4-E909-4CAEC4C29BAB}"
EndProject
Project("{32E533C8-32E6-C341-AE87-BD24335095A9}") = "boxheadProject", "Assembly-CSharp-vs.csproj", "{6B072BF8-87BE-B13E-FB7B-167ABA639920}"
EndProject
Project("{32E533C8-32E6-C341-AE87-BD24335095A9}") = "boxheadProject", "Assembly-CSharp-Editor-vs.csproj", "{F18B4F04-FF4B-4FDD-64BF-37E2930FC331}"
EndProject
Global
	GlobalSection(SolutionConfigurationPlatforms) = preSolution
		Debug|Any CPU = Debug|Any CPU
		Release|Any CPU = Release|Any CPU
	EndGlobalSection
	GlobalSection(ProjectConfigurationPlatforms) = postSolution
		{747FC7FF-E5DC-31E4-E909-4CAEC4C29BAB}.Debug|Any CPU.ActiveCfg = Debug|Any CPU
		{747FC7FF-E5DC-31E4-E909-4CAEC4C29BAB}.Debug|Any CPU.Build.0 = Debug|Any CPU
		{747FC7FF-E5DC-31E4-E909-4CAEC4C29BAB}.Release|Any CPU.ActiveCfg = Release|Any CPU
		{747FC7FF-E5DC-31E4-E909-4CAEC4C29BAB}.Release|Any CPU.Build.0 = Release|Any CPU
		{6B072BF8-87BE-B13E-FB7B-167ABA639920}.Debug|Any CPU.ActiveCfg = Debug|Any CPU
		{6B072BF8-87BE-B13E-FB7B-167ABA639920}.Debug|Any CPU.Build.0 = Debug|Any CPU
		{6B072BF8-87BE-B13E-FB7B-167ABA639920}.Release|Any CPU.ActiveCfg = Release|Any CPU
		{6B072BF8-87BE-B13E-FB7B-167ABA639920}.Release|Any CPU.Build.0 = Release|Any CPU
		{F18B4F04-FF4B-4FDD-64BF-37E2930FC331}.Debug|Any CPU.ActiveCfg = Debug|Any CPU
		{F18B4F04-FF4B-4FDD-64BF-37E2930FC331}.Debug|Any CPU.Build.0 = Debug|Any CPU
		{F18B4F04-FF4B-4FDD-64BF-37E2930FC331}.Release|Any CPU.ActiveCfg = Release|Any CPU
		{F18B4F04-FF4B-4FDD-64BF-37E2930FC331}.Release|Any CPU.Build.0 = Release|Any CPU
	EndGlobalSection
	GlobalSection(SolutionProperties) = preSolution
		HideSolutionNode = FALSE
	EndGlobalSection
																												GlobalSection(MonoDevelopProperties) = preSolution
		StartupItem = Assembly-CSharp.csproj
		Policies = $0
		$0.TextStylePolicy = $1
		$1.inheritsSet = null
		$1.scope = text/x-csharp
		$0.CSharpFormattingPolicy = $2
		$2.inheritsSet = Mono
		$2.inheritsScope = text/x-csharp
		$2.scope = text/x-csharp
		$0.TextStylePolicy = $3
		$3.FileWidth = 120
		$3.TabWidth = 4
		$3.IndentWidth = 4
		$3.EolMarker = Unix
		$3.inheritsSet = Mono
		$3.inheritsScope = text/plain
		$3.scope = text/plain
	EndGlobalSection

EndGlobal
